Microsoft Visual Studio Solution File, Format Version 12.00
# Visual Studio Version 17
VisualStudioVersion = 17.5.2.0
MinimumVisualStudioVersion = 10.0.40219.1
Project("{FAE04EC0-301F-11D3-BF4B-00C04F79EFBC}") = "CryptoWallet", "CryptoWallet\CryptoWallet.csproj", "{AAABE11B-1060-A4BF-3984-07671BE82B38}"
EndProject
Project("{FAE04EC0-301F-11D3-BF4B-00C04F79EFBC}") = "CryptoWallet.Core", "CryptoWallet.Core\CryptoWallet.Core.csproj", "{052368D1-ADC1-43B1-8A54-EF418002888A}"
EndProject
Project("{FAE04EC0-301F-11D3-BF4B-00C04F79EFBC}") = "CryptoWallet.Core.Tests", "CryptoWallet.Core.Tests\CryptoWallet.Core.Tests.csproj", "{5953DCFF-B384-4D13-B1F4-54F10BB5415E}"
EndProject
Project("{FAE04EC0-301F-11D3-BF4B-00C04F79EFBC}") = "CryptoWallet.Tests", "CryptoWallet.Tests\CryptoWallet.Tests.csproj", "{7EBB6195-2E7C-4040-81D3-FD49DB5863F8}"
EndProject
Global
	GlobalSection(SolutionConfigurationPlatforms) = preSolution
		Debug|Any CPU = Debug|Any CPU
		Release|Any CPU = Release|Any CPU
	EndGlobalSection
	GlobalSection(ProjectConfigurationPlatforms) = postSolution
		{AAABE11B-1060-A4BF-3984-07671BE82B38}.Debug|Any CPU.ActiveCfg = Debug|Any CPU
		{AAABE11B-1060-A4BF-3984-07671BE82B38}.Debug|Any CPU.Build.0 = Debug|Any CPU
		{AAABE11B-1060-A4BF-3984-07671BE82B38}.Release|Any CPU.ActiveCfg = Release|Any CPU
		{AAABE11B-1060-A4BF-3984-07671BE82B38}.Release|Any CPU.Build.0 = Release|Any CPU
		{052368D1-ADC1-43B1-8A54-EF418002888A}.Debug|Any CPU.ActiveCfg = Debug|Any CPU
		{052368D1-ADC1-43B1-8A54-EF418002888A}.Debug|Any CPU.Build.0 = Debug|Any CPU
		{052368D1-ADC1-43B1-8A54-EF418002888A}.Release|Any CPU.ActiveCfg = Release|Any CPU
		{052368D1-ADC1-43B1-8A54-EF418002888A}.Release|Any CPU.Build.0 = Release|Any CPU
		{5953DCFF-B384-4D13-B1F4-54F10BB5415E}.Debug|Any CPU.ActiveCfg = Debug|Any CPU
		{5953DCFF-B384-4D13-B1F4-54F10BB5415E}.Debug|Any CPU.Build.0 = Debug|Any CPU
		{5953DCFF-B384-4D13-B1F4-54F10BB5415E}.Release|Any CPU.ActiveCfg = Release|Any CPU
		{5953DCFF-B384-4D13-B1F4-54F10BB5415E}.Release|Any CPU.Build.0 = Release|Any CPU
		{7EBB6195-2E7C-4040-81D3-FD49DB5863F8}.Debug|Any CPU.ActiveCfg = Debug|Any CPU
		{7EBB6195-2E7C-4040-81D3-FD49DB5863F8}.Debug|Any CPU.Build.0 = Debug|Any CPU
		{7EBB6195-2E7C-4040-81D3-FD49DB5863F8}.Release|Any CPU.ActiveCfg = Release|Any CPU
		{7EBB6195-2E7C-4040-81D3-FD49DB5863F8}.Release|Any CPU.Build.0 = Release|Any CPU
	EndGlobalSection
	GlobalSection(SolutionProperties) = preSolution
		HideSolutionNode = FALSE
	EndGlobalSection
	GlobalSection(ExtensibilityGlobals) = postSolution
		SolutionGuid = {38F0C0B0-6D84-4311-BD07-B48773B2FBB0}
	EndGlobalSection
EndGlobal
